<?xml version="1.0" encoding="utf-8"?>
<Project ToolsVersion="4.0" xmlns="http://schemas.microsoft.com/developer/msbuild/2003">
  <ItemGroup>
    <Filter Include="Source Files">
      <UniqueIdentifier>{4FC737F1-C7A5-4376-A066-2A32D752A2FF}</UniqueIdentifier>
      <Extensions>cpp;c;cc;cxx;c++;cppm;ixx;def;odl;idl;hpj;bat;asm;asmx</Extensions>
    </Filter>
    <Filter Include="Header Files">
      <UniqueIdentifier>{93995380-89BD-4b04-88EB-625FBE52EBFB}</UniqueIdentifier>
      <Extensions>h;hh;hpp;hxx;h++;hm;inl;inc;ipp;xsd</Extensions>
    </Filter>
    <Filter Include="Resource Files">
      <UniqueIdentifier>{67DA6AB6-F800-4c08-8B7A-83BB121AAD01}</UniqueIdentifier>
      <Extensions>rc;ico;cur;bmp;dlg;rc2;rct;bin;rgs;gif;jpg;jpeg;jpe;resx;tiff;tif;png;wav;mfcribbon-ms</Extensions>
    </Filter>
    <Filter Include="Header Files\Protocols">
      <UniqueIdentifier>{87d02601-4ac2-43b7-9481-cd8c531813a4}</UniqueIdentifier>
    </Filter>
    <Filter Include="Header Files\Devices">
      <UniqueIdentifier>{c4aab736-a810-492d-b41a-09d070a28e4f}</UniqueIdentifier>
    </Filter>
    <Filter Include="Header Files\NetworkSpecific">
      <UniqueIdentifier>{f5169fe3-71f3-4a30-aca7-b0e39dace7b1}</UniqueIdentifier>
    </Filter>
    <Filter Include="Header Files\Utils">
      <UniqueIdentifier>{a23962d6-1a96-4ea4-a7c2-752f9ed96bd7}</UniqueIdentifier>
    </Filter>
    <Filter Include="Header Files\Packets">
      <UniqueIdentifier>{a62897ab-dae7-4c7b-b695-450874465233}</UniqueIdentifier>
    </Filter>
    <Filter Include="Source Files\Devices">
      <UniqueIdentifier>{731ea15e-678f-45ba-85ec-bae0cd331c93}</UniqueIdentifier>
    </Filter>
    <Filter Include="Source Files\NetworkSpecific">
      <UniqueIdentifier>{ebb800f6-3087-4956-9226-098a9b1c873f}</UniqueIdentifier>
    </Filter>
    <Filter Include="Source Files\Packets">
      <UniqueIdentifier>{39a27c97-7bf4-4375-9824-5ed027be5ff2}</UniqueIdentifier>
    </Filter>
    <Filter Include="Source Files\Utils">
      <UniqueIdentifier>{c2980fd7-ce32-4484-a9f6-8dafdb3e9b34}</UniqueIdentifier>
    </Filter>
    <Filter Include="Source Files\Protocols">
      <UniqueIdentifier>{3107d97f-8e4e-4140-8180-c202cd253d47}</UniqueIdentifier>
    </Filter>
    <Filter Include="Header Files\Protocols\Data Structures">
      <UniqueIdentifier>{0e5f3a4c-9c4b-48f4-a4b5-465c91795169}</UniqueIdentifier>
    </Filter>
    <Filter Include="Header Files\Protocols\Implementations">
      <UniqueIdentifier>{a33d5f3c-8bdf-4e03-99d7-c44f31080be1}</UniqueIdentifier>
    </Filter>
    <Filter Include="Source Files\Protocols\Implementations">
      <UniqueIdentifier>{3d970572-ee43-44c9-92e2-9420fa3b1245}</UniqueIdentifier>
    </Filter>
  </ItemGroup>
  <ItemGroup>
    <ClCompile Include="SampleMain.cpp">
      <Filter>Source Files</Filter>
    </ClCompile>
    <ClCompile Include="Device.cpp">
      <Filter>Source Files\Devices</Filter>
    </ClCompile>
    <ClCompile Include="Helper.cpp">
      <Filter>Source Files\Utils</Filter>
    </ClCompile>
    <ClCompile Include="EndianHandler.cpp">
      <Filter>Source Files\NetworkSpecific</Filter>
    </ClCompile>
    <ClCompile Include="Packet.cpp">
      <Filter>Source Files\Packets</Filter>
    </ClCompile>
    <ClCompile Include="NetworkUtils.cpp">
      <Filter>Source Files\NetworkSpecific</Filter>
    </ClCompile>
    <ClCompile Include="DeviceList.cpp">
      <Filter>Source Files\Devices</Filter>
    </ClCompile>
    <ClCompile Include="Address.cpp">
      <Filter>Source Files\Utils</Filter>
    </ClCompile>
    <ClCompile Include="Protocol.cpp">
      <Filter>Source Files\Packets</Filter>
    </ClCompile>
    <ClCompile Include="ARPProtocol.cpp">
      <Filter>Source Files\Protocols\Implementations</Filter>
    </ClCompile>
    <ClCompile Include="DNSProtocol.cpp">
      <Filter>Source Files\Protocols\Implementations</Filter>
    </ClCompile>
    <ClCompile Include="EthernetProtocol.cpp">
      <Filter>Source Files\Protocols\Implementations</Filter>
    </ClCompile>
    <ClCompile Include="IPv4Protocol.cpp">
      <Filter>Source Files\Protocols\Implementations</Filter>
    </ClCompile>
    <ClCompile Include="RawProtocol.cpp">
      <Filter>Source Files\Protocols\Implementations</Filter>
    </ClCompile>
    <ClCompile Include="TCPProtocol.cpp">
      <Filter>Source Files\Protocols\Implementations</Filter>
    </ClCompile>
    <ClCompile Include="UDPProtocol.cpp">
      <Filter>Source Files\Protocols\Implementations</Filter>
    </ClCompile>
    <ClCompile Include="MutablePacket.cpp">
      <Filter>Source Files\Packets</Filter>
    </ClCompile>
    <ClCompile Include="IMMutablePacket.cpp">
      <Filter>Source Files\Packets</Filter>
    </ClCompile>
    <ClCompile Include="ICMP.cpp">
      <Filter>Source Files\Protocols\Implementations</Filter>
    </ClCompile>
  </ItemGroup>
  <ItemGroup>
    <ClInclude Include="Device.h">
      <Filter>Header Files\Devices</Filter>
    </ClInclude>
    <ClInclude Include="NetworkUtils.h">
      <Filter>Header Files\NetworkSpecific</Filter>
    </ClInclude>
    <ClInclude Include="EndianHandler.h">
      <Filter>Header Files\NetworkSpecific</Filter>
    </ClInclude>
    <ClInclude Include="Helper.h">
      <Filter>Header Files\Utils</Filter>
    </ClInclude>
    <ClInclude Include="WireDefs.h">
      <Filter>Header Files\Utils</Filter>
    </ClInclude>
    <ClInclude Include="Packet.h">
      <Filter>Header Files\Packets</Filter>
    </ClInclude>
    <ClInclude Include="DeviceList.h">
      <Filter>Header Files\Devices</Filter>
    </ClInclude>
    <ClInclude Include="Address.h">
      <Filter>Header Files\Utils</Filter>
    </ClInclude>
    <ClInclude Include="Protocol.h">
      <Filter>Header Files\Packets</Filter>
    </ClInclude>
    <ClInclude Include="UDPProtocol.h">
      <Filter>Header Files\Protocols\Implementations</Filter>
    </ClInclude>
    <ClInclude Include="ARPProtocol.h">
      <Filter>Header Files\Protocols\Implementations</Filter>
    </ClInclude>
    <ClInclude Include="DNSProtocol.h">
      <Filter>Header Files\Protocols\Implementations</Filter>
    </ClInclude>
    <ClInclude Include="EthernetProtocol.h">
      <Filter>Header Files\Protocols\Implementations</Filter>
    </ClInclude>
    <ClInclude Include="IPv4Protocol.h">
      <Filter>Header Files\Protocols\Implementations</Filter>
    </ClInclude>
    <ClInclude Include="RawProtocol.h">
      <Filter>Header Files\Protocols\Implementations</Filter>
    </ClInclude>
    <ClInclude Include="TCPProtocol.h">
      <Filter>Header Files\Protocols\Implementations</Filter>
    </ClInclude>
    <ClInclude Include="EthernetHeader.h">
      <Filter>Header Files\Protocols\Data Structures</Filter>
    </ClInclude>
    <ClInclude Include="IPv4Header.h">
      <Filter>Header Files\Protocols\Data Structures</Filter>
    </ClInclude>
    <ClInclude Include="ARPHeader.h">
      <Filter>Header Files\Protocols\Data Structures</Filter>
    </ClInclude>
    <ClInclude Include="DNSHeader.h">
      <Filter>Header Files\Protocols\Data Structures</Filter>
    </ClInclude>
    <ClInclude Include="TCPHeader.h">
      <Filter>Header Files\Protocols\Data Structures</Filter>
    </ClInclude>
    <ClInclude Include="UDPHeader.h">
      <Filter>Header Files\Protocols\Data Structures</Filter>
    </ClInclude>
    <ClInclude Include="IMMutablePacket.h">
      <Filter>Header Files\Packets</Filter>
    </ClInclude>
    <ClInclude Include="MutablePacket.h">
      <Filter>Header Files\Packets</Filter>
    </ClInclude>
    <ClInclude Include="StaticVector.hpp">
      <Filter>Header Files\Utils</Filter>
    </ClInclude>
    <ClInclude Include="ICMPHeader.h">
      <Filter>Header Files\Protocols\Data Structures</Filter>
    </ClInclude>
    <ClInclude Include="ICMP.h">
      <Filter>Header Files\Protocols\Implementations</Filter>
    </ClInclude>
  </ItemGroup>
</Project>